
Microsoft Visual Studio Solution File, Format Version 12.00
# Visual Studio Version 17
VisualStudioVersion = 17.8.34408.163
MinimumVisualStudioVersion = 10.0.40219.1
Project("{FAE04EC0-301F-11D3-BF4B-00C04F79EFBC}") = "ConcurAPIConsole", "ConcurAPIConsole\ConcurAPIConsole.csproj", "{F48A4B1D-25EA-475E-9538-3469DA1AE61F}"
EndProject
Global
	GlobalSection(SolutionConfigurationPlatforms) = preSolution
		Debug|Any CPU = Debug|Any CPU
		Release|Any CPU = Release|Any CPU
	EndGlobalSection
	GlobalSection(ProjectConfigurationPlatforms) = postSolution
		{F48A4B1D-25EA-475E-9538-3469DA1AE61F}.Debug|Any CPU.ActiveCfg = Debug|Any CPU
		{F48A4B1D-25EA-475E-9538-3469DA1AE61F}.Debug|Any CPU.Build.0 = Debug|Any CPU
		{F48A4B1D-25EA-475E-9538-3469DA1AE61F}.Release|Any CPU.ActiveCfg = Release|Any CPU
		{F48A4B1D-25EA-475E-9538-3469DA1AE61F}.Release|Any CPU.Build.0 = Release|Any CPU
	EndGlobalSection
	GlobalSection(SolutionProperties) = preSolution
		HideSolutionNode = FALSE
	EndGlobalSection
	GlobalSection(ExtensibilityGlobals) = postSolution
		SolutionGuid = {71A223C0-B445-4EF1-B9FE-DEE0DDA97B89}
	EndGlobalSection
EndGlobal
